
Microsoft Visual Studio Solution File, Format Version 12.00
# Visual Studio 15
VisualStudioVersion = 15.0.28010.2026
MinimumVisualStudioVersion = 10.0.40219.1
Project("{9A19103F-16F7-4668-BE54-9A1E7A4F7556}") = "02. Sum Matrix Columns", "02. Sum Matrix Columns\02. Sum Matrix Columns.csproj", "{85D69858-42F0-4C3B-8493-2866D81F7639}"
EndProject
Project("{9A19103F-16F7-4668-BE54-9A1E7A4F7556}") = "05.Square with maximum sum", "05.Square with maximum sum\05.Square with maximum sum.csproj", "{B112309F-1EF8-428F-AE07-8060F555713A}"
EndProject
Project("{9A19103F-16F7-4668-BE54-9A1E7A4F7556}") = "08.Pascal Triangle", "08.Pascal Triangle\08.Pascal Triangle.csproj", "{D07D377E-F944-4FCE-AC8D-530064E0CD42}"
EndProject
Project("{9A19103F-16F7-4668-BE54-9A1E7A4F7556}") = "07.Group Numbers", "07.Group Numbers\07.Group Numbers.csproj", "{1BA06733-8536-417B-9CC6-CEF5ECE858CE}"
EndProject
Project("{9A19103F-16F7-4668-BE54-9A1E7A4F7556}") = "01. Sum Matrix Elements", "01. Sum Matrix Elements\01. Sum Matrix Elements.csproj", "{20EBD430-F107-4D96-8563-F7ED0345A64E}"
EndProject
Project("{2150E333-8FDC-42A3-9474-1A3956D46DE8}") = "Lab", "Lab", "{70FE0667-3E41-4341-A2DD-9264406C7CCE}"
EndProject
Project("{2150E333-8FDC-42A3-9474-1A3956D46DE8}") = "Exercise", "Exercise", "{F1FFC023-1BE9-4D0B-B1FB-B359D09B8A66}"
EndProject
Project("{FAE04EC0-301F-11D3-BF4B-00C04F79EFBC}") = "01.Matrix of Palindromes", "01.Matrix of Palindromes\01.Matrix of Palindromes.csproj", "{4EEC3B73-BD4E-4335-97FD-16EF144051DD}"
EndProject
Global
	GlobalSection(SolutionConfigurationPlatforms) = preSolution
		Debug|Any CPU = Debug|Any CPU
		Release|Any CPU = Release|Any CPU
	EndGlobalSection
	GlobalSection(ProjectConfigurationPlatforms) = postSolution
		{85D69858-42F0-4C3B-8493-2866D81F7639}.Debug|Any CPU.ActiveCfg = Debug|Any CPU
		{85D69858-42F0-4C3B-8493-2866D81F7639}.Debug|Any CPU.Build.0 = Debug|Any CPU
		{85D69858-42F0-4C3B-8493-2866D81F7639}.Release|Any CPU.ActiveCfg = Release|Any CPU
		{85D69858-42F0-4C3B-8493-2866D81F7639}.Release|Any CPU.Build.0 = Release|Any CPU
		{B112309F-1EF8-428F-AE07-8060F555713A}.Debug|Any CPU.ActiveCfg = Debug|Any CPU
		{B112309F-1EF8-428F-AE07-8060F555713A}.Debug|Any CPU.Build.0 = Debug|Any CPU
		{B112309F-1EF8-428F-AE07-8060F555713A}.Release|Any CPU.ActiveCfg = Release|Any CPU
		{B112309F-1EF8-428F-AE07-8060F555713A}.Release|Any CPU.Build.0 = Release|Any CPU
		{D07D377E-F944-4FCE-AC8D-530064E0CD42}.Debug|Any CPU.ActiveCfg = Debug|Any CPU
		{D07D377E-F944-4FCE-AC8D-530064E0CD42}.Debug|Any CPU.Build.0 = Debug|Any CPU
		{D07D377E-F944-4FCE-AC8D-530064E0CD42}.Release|Any CPU.ActiveCfg = Release|Any CPU
		{D07D377E-F944-4FCE-AC8D-530064E0CD42}.Release|Any CPU.Build.0 = Release|Any CPU
		{1BA06733-8536-417B-9CC6-CEF5ECE858CE}.Debug|Any CPU.ActiveCfg = Debug|Any CPU
		{1BA06733-8536-417B-9CC6-CEF5ECE858CE}.Debug|Any CPU.Build.0 = Debug|Any CPU
		{1BA06733-8536-417B-9CC6-CEF5ECE858CE}.Release|Any CPU.ActiveCfg = Release|Any CPU
		{1BA06733-8536-417B-9CC6-CEF5ECE858CE}.Release|Any CPU.Build.0 = Release|Any CPU
		{20EBD430-F107-4D96-8563-F7ED0345A64E}.Debug|Any CPU.ActiveCfg = Debug|Any CPU
		{20EBD430-F107-4D96-8563-F7ED0345A64E}.Debug|Any CPU.Build.0 = Debug|Any CPU
		{20EBD430-F107-4D96-8563-F7ED0345A64E}.Release|Any CPU.ActiveCfg = Release|Any CPU
		{20EBD430-F107-4D96-8563-F7ED0345A64E}.Release|Any CPU.Build.0 = Release|Any CPU
		{4EEC3B73-BD4E-4335-97FD-16EF144051DD}.Debug|Any CPU.ActiveCfg = Debug|Any CPU
		{4EEC3B73-BD4E-4335-97FD-16EF144051DD}.Debug|Any CPU.Build.0 = Debug|Any CPU
		{4EEC3B73-BD4E-4335-97FD-16EF144051DD}.Release|Any CPU.ActiveCfg = Release|Any CPU
		{4EEC3B73-BD4E-4335-97FD-16EF144051DD}.Release|Any CPU.Build.0 = Release|Any CPU
	EndGlobalSection
	GlobalSection(SolutionProperties) = preSolution
		HideSolutionNode = FALSE
	EndGlobalSection
	GlobalSection(NestedProjects) = preSolution
		{85D69858-42F0-4C3B-8493-2866D81F7639} = {70FE0667-3E41-4341-A2DD-9264406C7CCE}
		{B112309F-1EF8-428F-AE07-8060F555713A} = {70FE0667-3E41-4341-A2DD-9264406C7CCE}
		{D07D377E-F944-4FCE-AC8D-530064E0CD42} = {70FE0667-3E41-4341-A2DD-9264406C7CCE}
		{1BA06733-8536-417B-9CC6-CEF5ECE858CE} = {70FE0667-3E41-4341-A2DD-9264406C7CCE}
		{20EBD430-F107-4D96-8563-F7ED0345A64E} = {70FE0667-3E41-4341-A2DD-9264406C7CCE}
		{4EEC3B73-BD4E-4335-97FD-16EF144051DD} = {F1FFC023-1BE9-4D0B-B1FB-B359D09B8A66}
	EndGlobalSection
	GlobalSection(ExtensibilityGlobals) = postSolution
		SolutionGuid = {4AB0B28F-7E95-4A45-BDCE-A27502DA6748}
	EndGlobalSection
EndGlobal
