
Microsoft Visual Studio Solution File, Format Version 12.00
# Visual Studio 15
VisualStudioVersion = 15.0.28010.2026
MinimumVisualStudioVersion = 10.0.40219.1
Project("{FAE04EC0-301F-11D3-BF4B-00C04F79EFBC}") = "02. Sum Matrix Columns", "02. Sum Matrix Columns\02. Sum Matrix Columns.csproj", "{85D69858-42F0-4C3B-8493-2866D81F7639}"
EndProject
Project("{FAE04EC0-301F-11D3-BF4B-00C04F79EFBC}") = "05.Square with maximum sum", "05.Square with maximum sum\05.Square with maximum sum.csproj", "{B112309F-1EF8-428F-AE07-8060F555713A}"
EndProject
Project("{FAE04EC0-301F-11D3-BF4B-00C04F79EFBC}") = "08.Pascal Triangle", "08.Pascal Triangle\08.Pascal Triangle.csproj", "{D07D377E-F944-4FCE-AC8D-530064E0CD42}"
EndProject
Project("{FAE04EC0-301F-11D3-BF4B-00C04F79EFBC}") = "07.Group Numbers", "07.Group Numbers\07.Group Numbers.csproj", "{1BA06733-8536-417B-9CC6-CEF5ECE858CE}"
EndProject
Project("{FAE04EC0-301F-11D3-BF4B-00C04F79EFBC}") = "01. Sum Matrix Elements", "01. Sum Matrix Elements\01. Sum Matrix Elements.csproj", "{20EBD430-F107-4D96-8563-F7ED0345A64E}"
EndProject
Global
	GlobalSection(SolutionConfigurationPlatforms) = preSolution
		Debug|Any CPU = Debug|Any CPU
		Release|Any CPU = Release|Any CPU
	EndGlobalSection
	GlobalSection(ProjectConfigurationPlatforms) = postSolution
		{85D69858-42F0-4C3B-8493-2866D81F7639}.Debug|Any CPU.ActiveCfg = Debug|Any CPU
		{85D69858-42F0-4C3B-8493-2866D81F7639}.Debug|Any CPU.Build.0 = Debug|Any CPU
		{85D69858-42F0-4C3B-8493-2866D81F7639}.Release|Any CPU.ActiveCfg = Release|Any CPU
		{85D69858-42F0-4C3B-8493-2866D81F7639}.Release|Any CPU.Build.0 = Release|Any CPU
		{B112309F-1EF8-428F-AE07-8060F555713A}.Debug|Any CPU.ActiveCfg = Debug|Any CPU
		{B112309F-1EF8-428F-AE07-8060F555713A}.Debug|Any CPU.Build.0 = Debug|Any CPU
		{B112309F-1EF8-428F-AE07-8060F555713A}.Release|Any CPU.ActiveCfg = Release|Any CPU
		{B112309F-1EF8-428F-AE07-8060F555713A}.Release|Any CPU.Build.0 = Release|Any CPU
		{D07D377E-F944-4FCE-AC8D-530064E0CD42}.Debug|Any CPU.ActiveCfg = Debug|Any CPU
		{D07D377E-F944-4FCE-AC8D-530064E0CD42}.Debug|Any CPU.Build.0 = Debug|Any CPU
		{D07D377E-F944-4FCE-AC8D-530064E0CD42}.Release|Any CPU.ActiveCfg = Release|Any CPU
		{D07D377E-F944-4FCE-AC8D-530064E0CD42}.Release|Any CPU.Build.0 = Release|Any CPU
		{1BA06733-8536-417B-9CC6-CEF5ECE858CE}.Debug|Any CPU.ActiveCfg = Debug|Any CPU
		{1BA06733-8536-417B-9CC6-CEF5ECE858CE}.Debug|Any CPU.Build.0 = Debug|Any CPU
		{1BA06733-8536-417B-9CC6-CEF5ECE858CE}.Release|Any CPU.ActiveCfg = Release|Any CPU
		{1BA06733-8536-417B-9CC6-CEF5ECE858CE}.Release|Any CPU.Build.0 = Release|Any CPU
		{20EBD430-F107-4D96-8563-F7ED0345A64E}.Debug|Any CPU.ActiveCfg = Debug|Any CPU
		{20EBD430-F107-4D96-8563-F7ED0345A64E}.Debug|Any CPU.Build.0 = Debug|Any CPU
		{20EBD430-F107-4D96-8563-F7ED0345A64E}.Release|Any CPU.ActiveCfg = Release|Any CPU
		{20EBD430-F107-4D96-8563-F7ED0345A64E}.Release|Any CPU.Build.0 = Release|Any CPU
	EndGlobalSection
	GlobalSection(SolutionProperties) = preSolution
		HideSolutionNode = FALSE
	EndGlobalSection
	GlobalSection(ExtensibilityGlobals) = postSolution
		SolutionGuid = {4AB0B28F-7E95-4A45-BDCE-A27502DA6748}
	EndGlobalSection
EndGlobal
