
Microsoft Visual Studio Solution File, Format Version 12.00
# Visual Studio 15
VisualStudioVersion = 15.0.28010.2026
MinimumVisualStudioVersion = 10.0.40219.1
Project("{9A19103F-16F7-4668-BE54-9A1E7A4F7556}") = "01.Odd Lines", "Streams-Exercise\01.Odd Lines.csproj", "{7035F684-E1BC-43B5-B127-CD7C055EC03A}"
EndProject
Project("{9A19103F-16F7-4668-BE54-9A1E7A4F7556}") = "03.Word Count", "03.Word Count\03.Word Count.csproj", "{521DA971-010E-4CE7-8125-E28C71903C3A}"
EndProject
Project("{9A19103F-16F7-4668-BE54-9A1E7A4F7556}") = "02.Line Numbers", "02.Line Numbers\02.Line Numbers.csproj", "{A77D2A79-0682-4D81-828E-CD6C97AA54FD}"
EndProject
Project("{9A19103F-16F7-4668-BE54-9A1E7A4F7556}") = "04.Copy Binary File", "04.Copy Binary File\04.Copy Binary File.csproj", "{79FB8684-1B56-4D63-8101-943A2B72BDB9}"
EndProject
Project("{9A19103F-16F7-4668-BE54-9A1E7A4F7556}") = "05.Slicing File", "05.Slicing File\05.Slicing File.csproj", "{5021D983-79F5-47BE-A66D-77092B79242D}"
EndProject
Project("{FAE04EC0-301F-11D3-BF4B-00C04F79EFBC}") = "07.Directory Travelser", "07.Directory Travelser\07.Directory Travelser.csproj", "{B7F36794-15EC-42B4-9CCF-4C441E1CD209}"
EndProject
Global
	GlobalSection(SolutionConfigurationPlatforms) = preSolution
		Debug|Any CPU = Debug|Any CPU
		Release|Any CPU = Release|Any CPU
	EndGlobalSection
	GlobalSection(ProjectConfigurationPlatforms) = postSolution
		{7035F684-E1BC-43B5-B127-CD7C055EC03A}.Debug|Any CPU.ActiveCfg = Debug|Any CPU
		{7035F684-E1BC-43B5-B127-CD7C055EC03A}.Debug|Any CPU.Build.0 = Debug|Any CPU
		{7035F684-E1BC-43B5-B127-CD7C055EC03A}.Release|Any CPU.ActiveCfg = Release|Any CPU
		{7035F684-E1BC-43B5-B127-CD7C055EC03A}.Release|Any CPU.Build.0 = Release|Any CPU
		{521DA971-010E-4CE7-8125-E28C71903C3A}.Debug|Any CPU.ActiveCfg = Debug|Any CPU
		{521DA971-010E-4CE7-8125-E28C71903C3A}.Debug|Any CPU.Build.0 = Debug|Any CPU
		{521DA971-010E-4CE7-8125-E28C71903C3A}.Release|Any CPU.ActiveCfg = Release|Any CPU
		{521DA971-010E-4CE7-8125-E28C71903C3A}.Release|Any CPU.Build.0 = Release|Any CPU
		{A77D2A79-0682-4D81-828E-CD6C97AA54FD}.Debug|Any CPU.ActiveCfg = Debug|Any CPU
		{A77D2A79-0682-4D81-828E-CD6C97AA54FD}.Debug|Any CPU.Build.0 = Debug|Any CPU
		{A77D2A79-0682-4D81-828E-CD6C97AA54FD}.Release|Any CPU.ActiveCfg = Release|Any CPU
		{A77D2A79-0682-4D81-828E-CD6C97AA54FD}.Release|Any CPU.Build.0 = Release|Any CPU
		{79FB8684-1B56-4D63-8101-943A2B72BDB9}.Debug|Any CPU.ActiveCfg = Debug|Any CPU
		{79FB8684-1B56-4D63-8101-943A2B72BDB9}.Debug|Any CPU.Build.0 = Debug|Any CPU
		{79FB8684-1B56-4D63-8101-943A2B72BDB9}.Release|Any CPU.ActiveCfg = Release|Any CPU
		{79FB8684-1B56-4D63-8101-943A2B72BDB9}.Release|Any CPU.Build.0 = Release|Any CPU
		{5021D983-79F5-47BE-A66D-77092B79242D}.Debug|Any CPU.ActiveCfg = Debug|Any CPU
		{5021D983-79F5-47BE-A66D-77092B79242D}.Debug|Any CPU.Build.0 = Debug|Any CPU
		{5021D983-79F5-47BE-A66D-77092B79242D}.Release|Any CPU.ActiveCfg = Release|Any CPU
		{5021D983-79F5-47BE-A66D-77092B79242D}.Release|Any CPU.Build.0 = Release|Any CPU
		{B7F36794-15EC-42B4-9CCF-4C441E1CD209}.Debug|Any CPU.ActiveCfg = Debug|Any CPU
		{B7F36794-15EC-42B4-9CCF-4C441E1CD209}.Debug|Any CPU.Build.0 = Debug|Any CPU
		{B7F36794-15EC-42B4-9CCF-4C441E1CD209}.Release|Any CPU.ActiveCfg = Release|Any CPU
		{B7F36794-15EC-42B4-9CCF-4C441E1CD209}.Release|Any CPU.Build.0 = Release|Any CPU
	EndGlobalSection
	GlobalSection(SolutionProperties) = preSolution
		HideSolutionNode = FALSE
	EndGlobalSection
	GlobalSection(ExtensibilityGlobals) = postSolution
		SolutionGuid = {A118F443-0F91-4F6A-B116-9355B13950B2}
	EndGlobalSection
EndGlobal
